// !$*UTF8*$!
{
	archiveVersion = 1;
	classes = {
	};
	objectVersion = 50;
	objects = {

/* Begin PBXBuildFile section */
		262C613E1034233C7E52804B /* Pods_IntroductionToRx.framework in Frameworks */ = {isa = PBXBuildFile; fileRef = CAD5131863C8193F6B306042 /* Pods_IntroductionToRx.framework */; };
		F1BC2DA9216CE8EB00391B5C /* AppDelegate.swift in Sources */ = {isa = PBXBuildFile; fileRef = F1BC2DA8216CE8EB00391B5C /* AppDelegate.swift */; };
		F1BC2DAB216CE8EB00391B5C /* ViewController.swift in Sources */ = {isa = PBXBuildFile; fileRef = F1BC2DAA216CE8EB00391B5C /* ViewController.swift */; };
		F1BC2DAE216CE8EB00391B5C /* Main.storyboard in Resources */ = {isa = PBXBuildFile; fileRef = F1BC2DAC216CE8EB00391B5C /* Main.storyboard */; };
		F1BC2DB0216CE8EF00391B5C /* Assets.xcassets in Resources */ = {isa = PBXBuildFile; fileRef = F1BC2DAF216CE8EF00391B5C /* Assets.xcassets */; };
		F1BC2DB3216CE8EF00391B5C /* LaunchScreen.storyboard in Resources */ = {isa = PBXBuildFile; fileRef = F1BC2DB1216CE8EF00391B5C /* LaunchScreen.storyboard */; };
/* End PBXBuildFile section */

/* Begin PBXFileReference section */
		B7B1AC20BD48821C1AD634A7 /* Pods-IntroductionToRx.debug.xcconfig */ = {isa = PBXFileReference; includeInIndex = 1; lastKnownFileType = text.xcconfig; name = "Pods-IntroductionToRx.debug.xcconfig"; path = "Pods/Target Support Files/Pods-IntroductionToRx/Pods-IntroductionToRx.debug.xcconfig"; sourceTree = "<group>"; };
		C8531E5E494821EFDD56FA4A /* Pods-IntroductionToRx.release.xcconfig */ = {isa = PBXFileReference; includeInIndex = 1; lastKnownFileType = text.xcconfig; name = "Pods-IntroductionToRx.release.xcconfig"; path = "Pods/Target Support Files/Pods-IntroductionToRx/Pods-IntroductionToRx.release.xcconfig"; sourceTree = "<group>"; };
		CAD5131863C8193F6B306042 /* Pods_IntroductionToRx.framework */ = {isa = PBXFileReference; explicitFileType = wrapper.framework; includeInIndex = 0; path = Pods_IntroductionToRx.framework; sourceTree = BUILT_PRODUCTS_DIR; };
		F1BC2DA5216CE8EB00391B5C /* IntroductionToRx.app */ = {isa = PBXFileReference; explicitFileType = wrapper.application; includeInIndex = 0; path = IntroductionToRx.app; sourceTree = BUILT_PRODUCTS_DIR; };
		F1BC2DA8216CE8EB00391B5C /* AppDelegate.swift */ = {isa = PBXFileReference; lastKnownFileType = sourcecode.swift; path = AppDelegate.swift; sourceTree = "<group>"; };
		F1BC2DAA216CE8EB00391B5C /* ViewController.swift */ = {isa = PBXFileReference; lastKnownFileType = sourcecode.swift; path = ViewController.swift; sourceTree = "<group>"; };
		F1BC2DAD216CE8EB00391B5C /* Base */ = {isa = PBXFileReference; lastKnownFileType = file.storyboard; name = Base; path = Base.lproj/Main.storyboard; sourceTree = "<group>"; };
		F1BC2DAF216CE8EF00391B5C /* Assets.xcassets */ = {isa = PBXFileReference; lastKnownFileType = folder.assetcatalog; path = Assets.xcassets; sourceTree = "<group>"; };
		F1BC2DB2216CE8EF00391B5C /* Base */ = {isa = PBXFileReference; lastKnownFileType = file.storyboard; name = Base; path = Base.lproj/LaunchScreen.storyboard; sourceTree = "<group>"; };
		F1BC2DB4216CE8EF00391B5C /* Info.plist */ = {isa = PBXFileReference; lastKnownFileType = text.plist.xml; path = Info.plist; sourceTree = "<group>"; };
		F1BC2DBA216CE96100391B5C /* Podfile */ = {isa = PBXFileReference; lastKnownFileType = text; path = Podfile; sourceTree = "<group>"; xcLanguageSpecificationIdentifier = xcode.lang.ruby; };
/* End PBXFileReference section */

/* Begin PBXFrameworksBuildPhase section */
		F1BC2DA2216CE8EB00391B5C /* Frameworks */ = {
			isa = PBXFrameworksBuildPhase;
			buildActionMask = 2147483647;
			files = (
				262C613E1034233C7E52804B /* Pods_IntroductionToRx.framework in Frameworks */,
			);
			runOnlyForDeploymentPostprocessing = 0;
		};
/* End PBXFrameworksBuildPhase section */

/* Begin PBXGroup section */
		6D27758CDA270E7CF18D39F3 /* Pods */ = {
			isa = PBXGroup;
			children = (
				B7B1AC20BD48821C1AD634A7 /* Pods-IntroductionToRx.debug.xcconfig */,
				C8531E5E494821EFDD56FA4A /* Pods-IntroductionToRx.release.xcconfig */,
			);
			name = Pods;
			sourceTree = "<group>";
		};
		77BC5559B5E5159FA05DFF0F /* Frameworks */ = {
			isa = PBXGroup;
			children = (
				CAD5131863C8193F6B306042 /* Pods_IntroductionToRx.framework */,
			);
			name = Frameworks;
			sourceTree = "<group>";
		};
		F1BC2D9C216CE8EA00391B5C = {
			isa = PBXGroup;
			children = (
				F1BC2DBA216CE96100391B5C /* Podfile */,
				F1BC2DA7216CE8EB00391B5C /* IntroductionToRx */,
				F1BC2DA6216CE8EB00391B5C /* Products */,
				6D27758CDA270E7CF18D39F3 /* Pods */,
				77BC5559B5E5159FA05DFF0F /* Frameworks */,
			);
			sourceTree = "<group>";
		};
		F1BC2DA6216CE8EB00391B5C /* Products */ = {
			isa = PBXGroup;
			children = (
				F1BC2DA5216CE8EB00391B5C /* IntroductionToRx.app */,
			);
			name = Products;
			sourceTree = "<group>";
		};
		F1BC2DA7216CE8EB00391B5C /* IntroductionToRx */ = {
			isa = PBXGroup;
			children = (
				F1BC2DA8216CE8EB00391B5C /* AppDelegate.swift */,
				F1BC2DAA216CE8EB00391B5C /* ViewController.swift */,
				F1BC2DAC216CE8EB00391B5C /* Main.storyboard */,
				F1BC2DAF216CE8EF00391B5C /* Assets.xcassets */,
				F1BC2DB1216CE8EF00391B5C /* LaunchScreen.storyboard */,
				F1BC2DB4216CE8EF00391B5C /* Info.plist */,
			);
			path = IntroductionToRx;
			sourceTree = "<group>";
		};
/* End PBXGroup section */

/* Begin PBXNativeTarget section */
		F1BC2DA4216CE8EB00391B5C /* IntroductionToRx */ = {
			isa = PBXNativeTarget;
			buildConfigurationList = F1BC2DB7216CE8EF00391B5C /* Build configuration list for PBXNativeTarget "IntroductionToRx" */;
			buildPhases = (
				B1E5F4B872117DE6FFD51B2A /* [CP] Check Pods Manifest.lock */,
				F1BC2DA1216CE8EB00391B5C /* Sources */,
				F1BC2DA2216CE8EB00391B5C /* Frameworks */,
				F1BC2DA3216CE8EB00391B5C /* Resources */,
				5ABFBD2D66A9B1ECFBF50A09 /* [CP] Embed Pods Frameworks */,
			);
			buildRules = (
			);
			dependencies = (
			);
			name = IntroductionToRx;
			productName = IntroductionToRx;
			productReference = F1BC2DA5216CE8EB00391B5C /* IntroductionToRx.app */;
			productType = "com.apple.product-type.application";
		};
/* End PBXNativeTarget section */

/* Begin PBXProject section */
		F1BC2D9D216CE8EA00391B5C /* Project object */ = {
			isa = PBXProject;
			attributes = {
				LastSwiftUpdateCheck = 0940;
				LastUpgradeCheck = 0940;
				ORGANIZATIONNAME = "Diego Perini";
				TargetAttributes = {
					F1BC2DA4216CE8EB00391B5C = {
						CreatedOnToolsVersion = 9.4.1;
					};
				};
			};
			buildConfigurationList = F1BC2DA0216CE8EA00391B5C /* Build configuration list for PBXProject "IntroductionToRx" */;
			compatibilityVersion = "Xcode 9.3";
			developmentRegion = en;
			hasScannedForEncodings = 0;
			knownRegions = (
				en,
				Base,
			);
			mainGroup = F1BC2D9C216CE8EA00391B5C;
			productRefGroup = F1BC2DA6216CE8EB00391B5C /* Products */;
			projectDirPath = "";
			projectRoot = "";
			targets = (
				F1BC2DA4216CE8EB00391B5C /* IntroductionToRx */,
			);
		};
/* End PBXProject section */

/* Begin PBXResourcesBuildPhase section */
		F1BC2DA3216CE8EB00391B5C /* Resources */ = {
			isa = PBXResourcesBuildPhase;
			buildActionMask = 2147483647;
			files = (
				F1BC2DB3216CE8EF00391B5C /* LaunchScreen.storyboard in Resources */,
				F1BC2DB0216CE8EF00391B5C /* Assets.xcassets in Resources */,
				F1BC2DAE216CE8EB00391B5C /* Main.storyboard in Resources */,
			);
			runOnlyForDeploymentPostprocessing = 0;
		};
/* End PBXResourcesBuildPhase section */

/* Begin PBXShellScriptBuildPhase section */
		5ABFBD2D66A9B1ECFBF50A09 /* [CP] Embed Pods Frameworks */ = {
			isa = PBXShellScriptBuildPhase;
			buildActionMask = 2147483647;
			files = (
			);
			inputPaths = (
				"${SRCROOT}/Pods/Target Support Files/Pods-IntroductionToRx/Pods-IntroductionToRx-frameworks.sh",
				"${BUILT_PRODUCTS_DIR}/Alamofire/Alamofire.framework",
				"${BUILT_PRODUCTS_DIR}/RxCocoa/RxCocoa.framework",
				"${BUILT_PRODUCTS_DIR}/RxSwift/RxSwift.framework",
			);
			name = "[CP] Embed Pods Frameworks";
			outputPaths = (
				"${TARGET_BUILD_DIR}/${FRAMEWORKS_FOLDER_PATH}/Alamofire.framework",
				"${TARGET_BUILD_DIR}/${FRAMEWORKS_FOLDER_PATH}/RxCocoa.framework",
				"${TARGET_BUILD_DIR}/${FRAMEWORKS_FOLDER_PATH}/RxSwift.framework",
			);
			runOnlyForDeploymentPostprocessing = 0;
			shellPath = /bin/sh;
			shellScript = "\"${SRCROOT}/Pods/Target Support Files/Pods-IntroductionToRx/Pods-IntroductionToRx-frameworks.sh\"\n";
			showEnvVarsInLog = 0;
		};
		B1E5F4B872117DE6FFD51B2A /* [CP] Check Pods Manifest.lock */ = {
			isa = PBXShellScriptBuildPhase;
			buildActionMask = 2147483647;
			files = (
			);
			inputPaths = (
				"${PODS_PODFILE_DIR_PATH}/Podfile.lock",
				"${PODS_ROOT}/Manifest.lock",
			);
			name = "[CP] Check Pods Manifest.lock";
			outputPaths = (
				"$(DERIVED_FILE_DIR)/Pods-IntroductionToRx-checkManifestLockResult.txt",
			);
			runOnlyForDeploymentPostprocessing = 0;
			shellPath = /bin/sh;
			shellScript = "diff \"${PODS_PODFILE_DIR_PATH}/Podfile.lock\" \"${PODS_ROOT}/Manifest.lock\" > /dev/null\nif [ $? != 0 ] ; then\n    # print error to STDERR\n    echo \"error: The sandbox is not in sync with the Podfile.lock. Run 'pod install' or update your CocoaPods installation.\" >&2\n    exit 1\nfi\n# This output is used by Xcode 'outputs' to avoid re-running this script phase.\necho \"SUCCESS\" > \"${SCRIPT_OUTPUT_FILE_0}\"\n";
			showEnvVarsInLog = 0;
		};
/* End PBXShellScriptBuildPhase section */

/* Begin PBXSourcesBuildPhase section */
		F1BC2DA1216CE8EB00391B5C /* Sources */ = {
			isa = PBXSourcesBuildPhase;
			buildActionMask = 2147483647;
			files = (
				F1BC2DAB216CE8EB00391B5C /* ViewController.swift in Sources */,
				F1BC2DA9216CE8EB00391B5C /* AppDelegate.swift in Sources */,
			);
			runOnlyForDeploymentPostprocessing = 0;
		};
/* End PBXSourcesBuildPhase section */

/* Begin PBXVariantGroup section */
		F1BC2DAC216CE8EB00391B5C /* Main.storyboard */ = {
			isa = PBXVariantGroup;
			children = (
				F1BC2DAD216CE8EB00391B5C /* Base */,
			);
			name = Main.storyboard;
			sourceTree = "<group>";
		};
		F1BC2DB1216CE8EF00391B5C /* LaunchScreen.storyboard */ = {
			isa = PBXVariantGroup;
			children = (
				F1BC2DB2216CE8EF00391B5C /* Base */,
			);
			name = LaunchScreen.storyboard;
			sourceTree = "<group>";
		};
/* End PBXVariantGroup section */

/* Begin XCBuildConfiguration section */
		F1BC2DB5216CE8EF00391B5C /* Debug */ = {
			isa = XCBuildConfiguration;
			buildSettings = {
				ALWAYS_SEARCH_USER_PATHS = NO;
				CLANG_ANALYZER_NONNULL = YES;
				CLANG_ANALYZER_NUMBER_OBJECT_CONVERSION = YES_AGGRESSIVE;
				CLANG_CXX_LANGUAGE_STANDARD = "gnu++14";
				CLANG_CXX_LIBRARY = "libc++";
				CLANG_ENABLE_MODULES = YES;
				CLANG_ENABLE_OBJC_ARC = YES;
				CLANG_ENABLE_OBJC_WEAK = YES;
				CLANG_WARN_BLOCK_CAPTURE_AUTORELEASING = YES;
				CLANG_WARN_BOOL_CONVERSION = YES;
				CLANG_WARN_COMMA = YES;
				CLANG_WARN_CONSTANT_CONVERSION = YES;
				CLANG_WARN_DEPRECATED_OBJC_IMPLEMENTATIONS = YES;
				CLANG_WARN_DIRECT_OBJC_ISA_USAGE = YES_ERROR;
				CLANG_WARN_DOCUMENTATION_COMMENTS = YES;
				CLANG_WARN_EMPTY_BODY = YES;
				CLANG_WARN_ENUM_CONVERSION = YES;
				CLANG_WARN_INFINITE_RECURSION = YES;
				CLANG_WARN_INT_CONVERSION = YES;
				CLANG_WARN_NON_LITERAL_NULL_CONVERSION = YES;
				CLANG_WARN_OBJC_IMPLICIT_RETAIN_SELF = YES;
				CLANG_WARN_OBJC_LITERAL_CONVERSION = YES;
				CLANG_WARN_OBJC_ROOT_CLASS = YES_ERROR;
				CLANG_WARN_RANGE_LOOP_ANALYSIS = YES;
				CLANG_WARN_STRICT_PROTOTYPES = YES;
				CLANG_WARN_SUSPICIOUS_MOVE = YES;
				CLANG_WARN_UNGUARDED_AVAILABILITY = YES_AGGRESSIVE;
				CLANG_WARN_UNREACHABLE_CODE = YES;
				CLANG_WARN__DUPLICATE_METHOD_MATCH = YES;
				CODE_SIGN_IDENTITY = "iPhone Developer";
				COPY_PHASE_STRIP = NO;
				DEBUG_INFORMATION_FORMAT = dwarf;
				ENABLE_STRICT_OBJC_MSGSEND = YES;
				ENABLE_TESTABILITY = YES;
				GCC_C_LANGUAGE_STANDARD = gnu11;
				GCC_DYNAMIC_NO_PIC = NO;
				GCC_NO_COMMON_BLOCKS = YES;
				GCC_OPTIMIZATION_LEVEL = 0;
				GCC_PREPROCESSOR_DEFINITIONS = (
					"DEBUG=1",
					"$(inherited)",
				);
				GCC_WARN_64_TO_32_BIT_CONVERSION = YES;
				GCC_WARN_ABOUT_RETURN_TYPE = YES_ERROR;
				GCC_WARN_UNDECLARED_SELECTOR = YES;
				GCC_WARN_UNINITIALIZED_AUTOS = YES_AGGRESSIVE;
				GCC_WARN_UNUSED_FUNCTION = YES;
				GCC_WARN_UNUSED_VARIABLE = YES;
				IPHONEOS_DEPLOYMENT_TARGET = 11.4;
				MTL_ENABLE_DEBUG_INFO = YES;
				ONLY_ACTIVE_ARCH = YES;
				SDKROOT = iphoneos;
				SWIFT_ACTIVE_COMPILATION_CONDITIONS = DEBUG;
				SWIFT_OPTIMIZATION_LEVEL = "-Onone";
			};
			name = Debug;
		};
		F1BC2DB6216CE8EF00391B5C /* Release */ = {
			isa = XCBuildConfiguration;
			buildSettings = {
				ALWAYS_SEARCH_USER_PATHS = NO;
				CLANG_ANALYZER_NONNULL = YES;
				CLANG_ANALYZER_NUMBER_OBJECT_CONVERSION = YES_AGGRESSIVE;
				CLANG_CXX_LANGUAGE_STANDARD = "gnu++14";
				CLANG_CXX_LIBRARY = "libc++";
				CLANG_ENABLE_MODULES = YES;
				CLANG_ENABLE_OBJC_ARC = YES;
				CLANG_ENABLE_OBJC_WEAK = YES;
				CLANG_WARN_BLOCK_CAPTURE_AUTORELEASING = YES;
				CLANG_WARN_BOOL_CONVERSION = YES;
				CLANG_WARN_COMMA = YES;
				CLANG_WARN_CONSTANT_CONVERSION = YES;
				CLANG_WARN_DEPRECATED_OBJC_IMPLEMENTATIONS = YES;
				CLANG_WARN_DIRECT_OBJC_ISA_USAGE = YES_ERROR;
				CLANG_WARN_DOCUMENTATION_COMMENTS = YES;
				CLANG_WARN_EMPTY_BODY = YES;
				CLANG_WARN_ENUM_CONVERSION = YES;
				CLANG_WARN_INFINITE_RECURSION = YES;
				CLANG_WARN_INT_CONVERSION = YES;
				CLANG_WARN_NON_LITERAL_NULL_CONVERSION = YES;
				CLANG_WARN_OBJC_IMPLICIT_RETAIN_SELF = YES;
				CLANG_WARN_OBJC_LITERAL_CONVERSION = YES;
				CLANG_WARN_OBJC_ROOT_CLASS = YES_ERROR;
				CLANG_WARN_RANGE_LOOP_ANALYSIS = YES;
				CLANG_WARN_STRICT_PROTOTYPES = YES;
				CLANG_WARN_SUSPICIOUS_MOVE = YES;
				CLANG_WARN_UNGUARDED_AVAILABILITY = YES_AGGRESSIVE;
				CLANG_WARN_UNREACHABLE_CODE = YES;
				CLANG_WARN__DUPLICATE_METHOD_MATCH = YES;
				CODE_SIGN_IDENTITY = "iPhone Developer";
				COPY_PHASE_STRIP = NO;
				DEBUG_INFORMATION_FORMAT = "dwarf-with-dsym";
				ENABLE_NS_ASSERTIONS = NO;
				ENABLE_STRICT_OBJC_MSGSEND = YES;
				GCC_C_LANGUAGE_STANDARD = gnu11;
				GCC_NO_COMMON_BLOCKS = YES;
				GCC_WARN_64_TO_32_BIT_CONVERSION = YES;
				GCC_WARN_ABOUT_RETURN_TYPE = YES_ERROR;
				GCC_WARN_UNDECLARED_SELECTOR = YES;
				GCC_WARN_UNINITIALIZED_AUTOS = YES_AGGRESSIVE;
				GCC_WARN_UNUSED_FUNCTION = YES;
				GCC_WARN_UNUSED_VARIABLE = YES;
				IPHONEOS_DEPLOYMENT_TARGET = 11.4;
				MTL_ENABLE_DEBUG_INFO = NO;
				SDKROOT = iphoneos;
				SWIFT_COMPILATION_MODE = wholemodule;
				SWIFT_OPTIMIZATION_LEVEL = "-O";
				VALIDATE_PRODUCT = YES;
			};
			name = Release;
		};
		F1BC2DB8216CE8EF00391B5C /* Debug */ = {
			isa = XCBuildConfiguration;
			baseConfigurationReference = B7B1AC20BD48821C1AD634A7 /* Pods-IntroductionToRx.debug.xcconfig */;
			buildSettings = {
				ASSETCATALOG_COMPILER_APPICON_NAME = AppIcon;
				CODE_SIGN_STYLE = Automatic;
				DEVELOPMENT_TEAM = CS7AKZVD5B;
				INFOPLIST_FILE = IntroductionToRx/Info.plist;
				LD_RUNPATH_SEARCH_PATHS = (
					"$(inherited)",
					"@executable_path/Frameworks",
				);
				PRODUCT_BUNDLE_IDENTIFIER = com.testfairy.IntroductionToRx;
				PRODUCT_NAME = "$(TARGET_NAME)";
				SWIFT_VERSION = 4.0;
				TARGETED_DEVICE_FAMILY = "1,2";
			};
			name = Debug;
		};
		F1BC2DB9216CE8EF00391B5C /* Release */ = {
			isa = XCBuildConfiguration;
			baseConfigurationReference = C8531E5E494821EFDD56FA4A /* Pods-IntroductionToRx.release.xcconfig */;
			buildSettings = {
				ASSETCATALOG_COMPILER_APPICON_NAME = AppIcon;
				CODE_SIGN_STYLE = Automatic;
				DEVELOPMENT_TEAM = CS7AKZVD5B;
				INFOPLIST_FILE = IntroductionToRx/Info.plist;
				LD_RUNPATH_SEARCH_PATHS = (
					"$(inherited)",
					"@executable_path/Frameworks",
				);
				PRODUCT_BUNDLE_IDENTIFIER = com.testfairy.IntroductionToRx;
				PRODUCT_NAME = "$(TARGET_NAME)";
				SWIFT_VERSION = 4.0;
				TARGETED_DEVICE_FAMILY = "1,2";
			};
			name = Release;
		};
/* End XCBuildConfiguration section */

/* Begin XCConfigurationList section */
		F1BC2DA0216CE8EA00391B5C /* Build configuration list for PBXProject "IntroductionToRx" */ = {
			isa = XCConfigurationList;
			buildConfigurations = (
				F1BC2DB5216CE8EF00391B5C /* Debug */,
				F1BC2DB6216CE8EF00391B5C /* Release */,
			);
			defaultConfigurationIsVisible = 0;
			defaultConfigurationName = Release;
		};
		F1BC2DB7216CE8EF00391B5C /* Build configuration list for PBXNativeTarget "IntroductionToRx" */ = {
			isa = XCConfigurationList;
			buildConfigurations = (
				F1BC2DB8216CE8EF00391B5C /* Debug */,
				F1BC2DB9216CE8EF00391B5C /* Release */,
			);
			defaultConfigurationIsVisible = 0;
			defaultConfigurationName = Release;
		};
/* End XCConfigurationList section */
	};
	rootObject = F1BC2D9D216CE8EA00391B5C /* Project object */;
}
